// !$*UTF8*$!
{
	archiveVersion = 1;
	classes = {
	};
	objectVersion = 50;
	objects = {

/* Begin PBXBuildFile section */
		14068B2E31B6669CA321754B /* Pods_Wallet.framework in Frameworks */ = {isa = PBXBuildFile; fileRef = C6A7F2BF8832FC81681CABA9 /* Pods_Wallet.framework */; };
		9926DE5923A11B7A00E1781B /* BounceView.swift in Sources */ = {isa = PBXBuildFile; fileRef = 9926DE5823A11B7A00E1781B /* BounceView.swift */; };
		9934EEF92354504000B1C090 /* UIScreen+.swift in Sources */ = {isa = PBXBuildFile; fileRef = 9934EEF82354504000B1C090 /* UIScreen+.swift */; };
		9934EEFB235451FA00B1C090 /* WalletDetailViewModel.swift in Sources */ = {isa = PBXBuildFile; fileRef = 9934EEFA235451F900B1C090 /* WalletDetailViewModel.swift */; };
		9934EEFD23545A0F00B1C090 /* WalletDetailAnimator.swift in Sources */ = {isa = PBXBuildFile; fileRef = 9934EEFC23545A0F00B1C090 /* WalletDetailAnimator.swift */; };
		99BCA2A52348D5F200CFE167 /* AppDelegate.swift in Sources */ = {isa = PBXBuildFile; fileRef = 99BCA2A42348D5F200CFE167 /* AppDelegate.swift */; };
		99BCA2A72348D5F200CFE167 /* ViewController.swift in Sources */ = {isa = PBXBuildFile; fileRef = 99BCA2A62348D5F200CFE167 /* ViewController.swift */; };
		99BCA2AA2348D5F200CFE167 /* Main.storyboard in Resources */ = {isa = PBXBuildFile; fileRef = 99BCA2A82348D5F200CFE167 /* Main.storyboard */; };
		99BCA2AC2348D5F400CFE167 /* Assets.xcassets in Resources */ = {isa = PBXBuildFile; fileRef = 99BCA2AB2348D5F400CFE167 /* Assets.xcassets */; };
		99BCA2AF2348D5F400CFE167 /* LaunchScreen.storyboard in Resources */ = {isa = PBXBuildFile; fileRef = 99BCA2AD2348D5F400CFE167 /* LaunchScreen.storyboard */; };
		99BCA2BA2348D5F400CFE167 /* WalletTests.swift in Sources */ = {isa = PBXBuildFile; fileRef = 99BCA2B92348D5F400CFE167 /* WalletTests.swift */; };
		99BCA2C52348D5F400CFE167 /* WalletUITests.swift in Sources */ = {isa = PBXBuildFile; fileRef = 99BCA2C42348D5F400CFE167 /* WalletUITests.swift */; };
		99BCA2D72348DC8E00CFE167 /* UIView+.swift in Sources */ = {isa = PBXBuildFile; fileRef = 99BCA2D62348DC8E00CFE167 /* UIView+.swift */; };
		99BCA2D92348DCB200CFE167 /* PaymentMethodView.swift in Sources */ = {isa = PBXBuildFile; fileRef = 99BCA2D82348DCB200CFE167 /* PaymentMethodView.swift */; };
		99BCA2DE2348DE1200CFE167 /* PaymentMethodProtocol.swift in Sources */ = {isa = PBXBuildFile; fileRef = 99BCA2DD2348DE1200CFE167 /* PaymentMethodProtocol.swift */; };
		99BCA2E02348DE4900CFE167 /* BankAccountModel.swift in Sources */ = {isa = PBXBuildFile; fileRef = 99BCA2DF2348DE4900CFE167 /* BankAccountModel.swift */; };
		99BCA2E22348DF1E00CFE167 /* CreditCardModel.swift in Sources */ = {isa = PBXBuildFile; fileRef = 99BCA2E12348DF1E00CFE167 /* CreditCardModel.swift */; };
		99BCA2E42348DF5700CFE167 /* UIColor+.swift in Sources */ = {isa = PBXBuildFile; fileRef = 99BCA2E32348DF5700CFE167 /* UIColor+.swift */; };
		99BCA2E62348E0ED00CFE167 /* PaymentMethodView.xib in Resources */ = {isa = PBXBuildFile; fileRef = 99BCA2E52348E0ED00CFE167 /* PaymentMethodView.xib */; };
		99BCA2E82348E2C900CFE167 /* WalletViewCellA.swift in Sources */ = {isa = PBXBuildFile; fileRef = 99BCA2E72348E2C900CFE167 /* WalletViewCellA.swift */; };
		99BCA2EA2348E47300CFE167 /* WalletViewModelA.swift in Sources */ = {isa = PBXBuildFile; fileRef = 99BCA2E92348E47300CFE167 /* WalletViewModelA.swift */; };
		99BCA2EC2348E65D00CFE167 /* UICollectionView+.swift in Sources */ = {isa = PBXBuildFile; fileRef = 99BCA2EB2348E65D00CFE167 /* UICollectionView+.swift */; };
		99BCA2EE2348E7B900CFE167 /* NSObject+.swift in Sources */ = {isa = PBXBuildFile; fileRef = 99BCA2ED2348E7B900CFE167 /* NSObject+.swift */; };
		99BCA2F12348F97500CFE167 /* DataStore.swift in Sources */ = {isa = PBXBuildFile; fileRef = 99BCA2F02348F97500CFE167 /* DataStore.swift */; };
		99BCA2F32348FA5B00CFE167 /* Stub.bundle in Resources */ = {isa = PBXBuildFile; fileRef = 99BCA2F22348FA5B00CFE167 /* Stub.bundle */; };
		99BCA2F52348FAEB00CFE167 /* WalletDataStore.swift in Sources */ = {isa = PBXBuildFile; fileRef = 99BCA2F42348FAEB00CFE167 /* WalletDataStore.swift */; };
		99BCA2F72348FC1F00CFE167 /* WalletUseCase.swift in Sources */ = {isa = PBXBuildFile; fileRef = 99BCA2F62348FC1F00CFE167 /* WalletUseCase.swift */; };
		99BCA2F92348FC3A00CFE167 /* PaymentMethodEntity.swift in Sources */ = {isa = PBXBuildFile; fileRef = 99BCA2F82348FC3A00CFE167 /* PaymentMethodEntity.swift */; };
		99BCA30223498AFE00CFE167 /* WalletViewControllerA.swift in Sources */ = {isa = PBXBuildFile; fileRef = 99BCA30123498AFE00CFE167 /* WalletViewControllerA.swift */; };
		99BCA30423498BAB00CFE167 /* WalletViewControllerA.xib in Resources */ = {isa = PBXBuildFile; fileRef = 99BCA30323498BAB00CFE167 /* WalletViewControllerA.xib */; };
		99BCA30623498EBA00CFE167 /* Bundle+.swift in Sources */ = {isa = PBXBuildFile; fileRef = 99BCA30523498EBA00CFE167 /* Bundle+.swift */; };
		99BCA3092349F12E00CFE167 /* WalletViewControllerB.swift in Sources */ = {isa = PBXBuildFile; fileRef = 99BCA3082349F12E00CFE167 /* WalletViewControllerB.swift */; };
		99BCA30B2349F16700CFE167 /* WalletViewModelB.swift in Sources */ = {isa = PBXBuildFile; fileRef = 99BCA30A2349F16700CFE167 /* WalletViewModelB.swift */; };
		99BCA30D2349F21E00CFE167 /* WalletViewControllerB.xib in Resources */ = {isa = PBXBuildFile; fileRef = 99BCA30C2349F21E00CFE167 /* WalletViewControllerB.xib */; };
		99C1419C23519DEE00DDD77F /* WalletViewControllerC.swift in Sources */ = {isa = PBXBuildFile; fileRef = 99C1419B23519DEE00DDD77F /* WalletViewControllerC.swift */; };
		99C1419E23519E4400DDD77F /* WalletViewControllerC.xib in Resources */ = {isa = PBXBuildFile; fileRef = 99C1419D23519E4400DDD77F /* WalletViewControllerC.xib */; };
		99C141A023519E5700DDD77F /* WalletViewModelC.swift in Sources */ = {isa = PBXBuildFile; fileRef = 99C1419F23519E5700DDD77F /* WalletViewModelC.swift */; };
		99C141A22351BB8A00DDD77F /* WalletViewCellB.swift in Sources */ = {isa = PBXBuildFile; fileRef = 99C141A12351BB8A00DDD77F /* WalletViewCellB.swift */; };
		99C141A42351BBDE00DDD77F /* WalletCellC.swift in Sources */ = {isa = PBXBuildFile; fileRef = 99C141A32351BBDE00DDD77F /* WalletCellC.swift */; };
		99C141AA2351F9F900DDD77F /* WalletDetailViewController.swift in Sources */ = {isa = PBXBuildFile; fileRef = 99C141A92351F9F900DDD77F /* WalletDetailViewController.swift */; };
		99C141AC2351FA1C00DDD77F /* WalletDetailViewController.xib in Resources */ = {isa = PBXBuildFile; fileRef = 99C141AB2351FA1C00DDD77F /* WalletDetailViewController.xib */; };
		A48EDD5838D4A5AF76C3ECD4 /* Pods_WalletTests.framework in Frameworks */ = {isa = PBXBuildFile; fileRef = CB9FE4A849FFEBD5A7263D78 /* Pods_WalletTests.framework */; };
		D1C5F6D1F6F4D0C54C2E9EED /* Pods_WalletUITests.framework in Frameworks */ = {isa = PBXBuildFile; fileRef = 897B1B1EC4CB0B3D00B1ACE2 /* Pods_WalletUITests.framework */; };
/* End PBXBuildFile section */

/* Begin PBXContainerItemProxy section */
		99BCA2B62348D5F400CFE167 /* PBXContainerItemProxy */ = {
			isa = PBXContainerItemProxy;
			containerPortal = 99BCA2992348D5F200CFE167 /* Project object */;
			proxyType = 1;
			remoteGlobalIDString = 99BCA2A02348D5F200CFE167;
			remoteInfo = Wallet;
		};
		99BCA2C12348D5F400CFE167 /* PBXContainerItemProxy */ = {
			isa = PBXContainerItemProxy;
			containerPortal = 99BCA2992348D5F200CFE167 /* Project object */;
			proxyType = 1;
			remoteGlobalIDString = 99BCA2A02348D5F200CFE167;
			remoteInfo = Wallet;
		};
/* End PBXContainerItemProxy section */

/* Begin PBXFileReference section */
		105F502A7E37864B1F4809C3 /* Pods-WalletTests.release.xcconfig */ = {isa = PBXFileReference; includeInIndex = 1; lastKnownFileType = text.xcconfig; name = "Pods-WalletTests.release.xcconfig"; path = "Target Support Files/Pods-WalletTests/Pods-WalletTests.release.xcconfig"; sourceTree = "<group>"; };
		13C814AF7D040FCB0A6E3E00 /* Pods-WalletUITests.debug.xcconfig */ = {isa = PBXFileReference; includeInIndex = 1; lastKnownFileType = text.xcconfig; name = "Pods-WalletUITests.debug.xcconfig"; path = "Target Support Files/Pods-WalletUITests/Pods-WalletUITests.debug.xcconfig"; sourceTree = "<group>"; };
		523C5031932FD9A4D3853EF4 /* Pods-WalletUITests.release.xcconfig */ = {isa = PBXFileReference; includeInIndex = 1; lastKnownFileType = text.xcconfig; name = "Pods-WalletUITests.release.xcconfig"; path = "Target Support Files/Pods-WalletUITests/Pods-WalletUITests.release.xcconfig"; sourceTree = "<group>"; };
		6404D2B5BDA84F7623A2DEF7 /* Pods-Wallet.release.xcconfig */ = {isa = PBXFileReference; includeInIndex = 1; lastKnownFileType = text.xcconfig; name = "Pods-Wallet.release.xcconfig"; path = "Target Support Files/Pods-Wallet/Pods-Wallet.release.xcconfig"; sourceTree = "<group>"; };
		897B1B1EC4CB0B3D00B1ACE2 /* Pods_WalletUITests.framework */ = {isa = PBXFileReference; explicitFileType = wrapper.framework; includeInIndex = 0; path = Pods_WalletUITests.framework; sourceTree = BUILT_PRODUCTS_DIR; };
		9926DE5823A11B7A00E1781B /* BounceView.swift */ = {isa = PBXFileReference; lastKnownFileType = sourcecode.swift; path = BounceView.swift; sourceTree = "<group>"; };
		9934EEF82354504000B1C090 /* UIScreen+.swift */ = {isa = PBXFileReference; lastKnownFileType = sourcecode.swift; path = "UIScreen+.swift"; sourceTree = "<group>"; };
		9934EEFA235451F900B1C090 /* WalletDetailViewModel.swift */ = {isa = PBXFileReference; lastKnownFileType = sourcecode.swift; path = WalletDetailViewModel.swift; sourceTree = "<group>"; };
		9934EEFC23545A0F00B1C090 /* WalletDetailAnimator.swift */ = {isa = PBXFileReference; lastKnownFileType = sourcecode.swift; path = WalletDetailAnimator.swift; sourceTree = "<group>"; };
		99BCA2A12348D5F200CFE167 /* Wallet.app */ = {isa = PBXFileReference; explicitFileType = wrapper.application; includeInIndex = 0; path = Wallet.app; sourceTree = BUILT_PRODUCTS_DIR; };
		99BCA2A42348D5F200CFE167 /* AppDelegate.swift */ = {isa = PBXFileReference; lastKnownFileType = sourcecode.swift; path = AppDelegate.swift; sourceTree = "<group>"; };
		99BCA2A62348D5F200CFE167 /* ViewController.swift */ = {isa = PBXFileReference; lastKnownFileType = sourcecode.swift; path = ViewController.swift; sourceTree = "<group>"; };
		99BCA2A92348D5F200CFE167 /* Base */ = {isa = PBXFileReference; lastKnownFileType = file.storyboard; name = Base; path = Base.lproj/Main.storyboard; sourceTree = "<group>"; };
		99BCA2AB2348D5F400CFE167 /* Assets.xcassets */ = {isa = PBXFileReference; lastKnownFileType = folder.assetcatalog; path = Assets.xcassets; sourceTree = "<group>"; };
		99BCA2AE2348D5F400CFE167 /* Base */ = {isa = PBXFileReference; lastKnownFileType = file.storyboard; name = Base; path = Base.lproj/LaunchScreen.storyboard; sourceTree = "<group>"; };
		99BCA2B02348D5F400CFE167 /* Info.plist */ = {isa = PBXFileReference; lastKnownFileType = text.plist.xml; path = Info.plist; sourceTree = "<group>"; };
		99BCA2B52348D5F400CFE167 /* WalletTests.xctest */ = {isa = PBXFileReference; explicitFileType = wrapper.cfbundle; includeInIndex = 0; path = WalletTests.xctest; sourceTree = BUILT_PRODUCTS_DIR; };
		99BCA2B92348D5F400CFE167 /* WalletTests.swift */ = {isa = PBXFileReference; lastKnownFileType = sourcecode.swift; path = WalletTests.swift; sourceTree = "<group>"; };
		99BCA2BB2348D5F400CFE167 /* Info.plist */ = {isa = PBXFileReference; lastKnownFileType = text.plist.xml; path = Info.plist; sourceTree = "<group>"; };
		99BCA2C02348D5F400CFE167 /* WalletUITests.xctest */ = {isa = PBXFileReference; explicitFileType = wrapper.cfbundle; includeInIndex = 0; path = WalletUITests.xctest; sourceTree = BUILT_PRODUCTS_DIR; };
		99BCA2C42348D5F400CFE167 /* WalletUITests.swift */ = {isa = PBXFileReference; lastKnownFileType = sourcecode.swift; path = WalletUITests.swift; sourceTree = "<group>"; };
		99BCA2C62348D5F400CFE167 /* Info.plist */ = {isa = PBXFileReference; lastKnownFileType = text.plist.xml; path = Info.plist; sourceTree = "<group>"; };
		99BCA2D62348DC8E00CFE167 /* UIView+.swift */ = {isa = PBXFileReference; lastKnownFileType = sourcecode.swift; path = "UIView+.swift"; sourceTree = "<group>"; };
		99BCA2D82348DCB200CFE167 /* PaymentMethodView.swift */ = {isa = PBXFileReference; lastKnownFileType = sourcecode.swift; path = PaymentMethodView.swift; sourceTree = "<group>"; };
		99BCA2DD2348DE1200CFE167 /* PaymentMethodProtocol.swift */ = {isa = PBXFileReference; lastKnownFileType = sourcecode.swift; path = PaymentMethodProtocol.swift; sourceTree = "<group>"; };
		99BCA2DF2348DE4900CFE167 /* BankAccountModel.swift */ = {isa = PBXFileReference; lastKnownFileType = sourcecode.swift; path = BankAccountModel.swift; sourceTree = "<group>"; };
		99BCA2E12348DF1E00CFE167 /* CreditCardModel.swift */ = {isa = PBXFileReference; lastKnownFileType = sourcecode.swift; path = CreditCardModel.swift; sourceTree = "<group>"; };
		99BCA2E32348DF5700CFE167 /* UIColor+.swift */ = {isa = PBXFileReference; lastKnownFileType = sourcecode.swift; path = "UIColor+.swift"; sourceTree = "<group>"; };
		99BCA2E52348E0ED00CFE167 /* PaymentMethodView.xib */ = {isa = PBXFileReference; lastKnownFileType = file.xib; path = PaymentMethodView.xib; sourceTree = "<group>"; };
		99BCA2E72348E2C900CFE167 /* WalletViewCellA.swift */ = {isa = PBXFileReference; lastKnownFileType = sourcecode.swift; path = WalletViewCellA.swift; sourceTree = "<group>"; };
		99BCA2E92348E47300CFE167 /* WalletViewModelA.swift */ = {isa = PBXFileReference; lastKnownFileType = sourcecode.swift; path = WalletViewModelA.swift; sourceTree = "<group>"; };
		99BCA2EB2348E65D00CFE167 /* UICollectionView+.swift */ = {isa = PBXFileReference; lastKnownFileType = sourcecode.swift; path = "UICollectionView+.swift"; sourceTree = "<group>"; };
		99BCA2ED2348E7B900CFE167 /* NSObject+.swift */ = {isa = PBXFileReference; lastKnownFileType = sourcecode.swift; path = "NSObject+.swift"; sourceTree = "<group>"; };
		99BCA2F02348F97500CFE167 /* DataStore.swift */ = {isa = PBXFileReference; lastKnownFileType = sourcecode.swift; path = DataStore.swift; sourceTree = "<group>"; };
		99BCA2F22348FA5B00CFE167 /* Stub.bundle */ = {isa = PBXFileReference; lastKnownFileType = "wrapper.plug-in"; path = Stub.bundle; sourceTree = "<group>"; };
		99BCA2F42348FAEB00CFE167 /* WalletDataStore.swift */ = {isa = PBXFileReference; lastKnownFileType = sourcecode.swift; path = WalletDataStore.swift; sourceTree = "<group>"; };
		99BCA2F62348FC1F00CFE167 /* WalletUseCase.swift */ = {isa = PBXFileReference; lastKnownFileType = sourcecode.swift; path = WalletUseCase.swift; sourceTree = "<group>"; };
		99BCA2F82348FC3A00CFE167 /* PaymentMethodEntity.swift */ = {isa = PBXFileReference; lastKnownFileType = sourcecode.swift; path = PaymentMethodEntity.swift; sourceTree = "<group>"; };
		99BCA30123498AFE00CFE167 /* WalletViewControllerA.swift */ = {isa = PBXFileReference; lastKnownFileType = sourcecode.swift; path = WalletViewControllerA.swift; sourceTree = "<group>"; };
		99BCA30323498BAB00CFE167 /* WalletViewControllerA.xib */ = {isa = PBXFileReference; lastKnownFileType = file.xib; path = WalletViewControllerA.xib; sourceTree = "<group>"; };
		99BCA30523498EBA00CFE167 /* Bundle+.swift */ = {isa = PBXFileReference; lastKnownFileType = sourcecode.swift; path = "Bundle+.swift"; sourceTree = "<group>"; };
		99BCA3082349F12E00CFE167 /* WalletViewControllerB.swift */ = {isa = PBXFileReference; lastKnownFileType = sourcecode.swift; path = WalletViewControllerB.swift; sourceTree = "<group>"; };
		99BCA30A2349F16700CFE167 /* WalletViewModelB.swift */ = {isa = PBXFileReference; lastKnownFileType = sourcecode.swift; path = WalletViewModelB.swift; sourceTree = "<group>"; };
		99BCA30C2349F21E00CFE167 /* WalletViewControllerB.xib */ = {isa = PBXFileReference; lastKnownFileType = file.xib; path = WalletViewControllerB.xib; sourceTree = "<group>"; };
		99C1419B23519DEE00DDD77F /* WalletViewControllerC.swift */ = {isa = PBXFileReference; lastKnownFileType = sourcecode.swift; path = WalletViewControllerC.swift; sourceTree = "<group>"; };
		99C1419D23519E4400DDD77F /* WalletViewControllerC.xib */ = {isa = PBXFileReference; lastKnownFileType = file.xib; path = WalletViewControllerC.xib; sourceTree = "<group>"; };
		99C1419F23519E5700DDD77F /* WalletViewModelC.swift */ = {isa = PBXFileReference; lastKnownFileType = sourcecode.swift; path = WalletViewModelC.swift; sourceTree = "<group>"; };
		99C141A12351BB8A00DDD77F /* WalletViewCellB.swift */ = {isa = PBXFileReference; lastKnownFileType = sourcecode.swift; path = WalletViewCellB.swift; sourceTree = "<group>"; };
		99C141A32351BBDE00DDD77F /* WalletCellC.swift */ = {isa = PBXFileReference; lastKnownFileType = sourcecode.swift; path = WalletCellC.swift; sourceTree = "<group>"; };
		99C141A92351F9F900DDD77F /* WalletDetailViewController.swift */ = {isa = PBXFileReference; lastKnownFileType = sourcecode.swift; path = WalletDetailViewController.swift; sourceTree = "<group>"; };
		99C141AB2351FA1C00DDD77F /* WalletDetailViewController.xib */ = {isa = PBXFileReference; lastKnownFileType = file.xib; path = WalletDetailViewController.xib; sourceTree = "<group>"; };
		A04E998CE497CF8C683BB414 /* Pods-WalletTests.debug.xcconfig */ = {isa = PBXFileReference; includeInIndex = 1; lastKnownFileType = text.xcconfig; name = "Pods-WalletTests.debug.xcconfig"; path = "Target Support Files/Pods-WalletTests/Pods-WalletTests.debug.xcconfig"; sourceTree = "<group>"; };
		C6A7F2BF8832FC81681CABA9 /* Pods_Wallet.framework */ = {isa = PBXFileReference; explicitFileType = wrapper.framework; includeInIndex = 0; path = Pods_Wallet.framework; sourceTree = BUILT_PRODUCTS_DIR; };
		CB9FE4A849FFEBD5A7263D78 /* Pods_WalletTests.framework */ = {isa = PBXFileReference; explicitFileType = wrapper.framework; includeInIndex = 0; path = Pods_WalletTests.framework; sourceTree = BUILT_PRODUCTS_DIR; };
		F133383B56C61F5D8992C346 /* Pods-Wallet.debug.xcconfig */ = {isa = PBXFileReference; includeInIndex = 1; lastKnownFileType = text.xcconfig; name = "Pods-Wallet.debug.xcconfig"; path = "Target Support Files/Pods-Wallet/Pods-Wallet.debug.xcconfig"; sourceTree = "<group>"; };
/* End PBXFileReference section */

/* Begin PBXFrameworksBuildPhase section */
		99BCA29E2348D5F200CFE167 /* Frameworks */ = {
			isa = PBXFrameworksBuildPhase;
			buildActionMask = 2147483647;
			files = (
				14068B2E31B6669CA321754B /* Pods_Wallet.framework in Frameworks */,
			);
			runOnlyForDeploymentPostprocessing = 0;
		};
		99BCA2B22348D5F400CFE167 /* Frameworks */ = {
			isa = PBXFrameworksBuildPhase;
			buildActionMask = 2147483647;
			files = (
				A48EDD5838D4A5AF76C3ECD4 /* Pods_WalletTests.framework in Frameworks */,
			);
			runOnlyForDeploymentPostprocessing = 0;
		};
		99BCA2BD2348D5F400CFE167 /* Frameworks */ = {
			isa = PBXFrameworksBuildPhase;
			buildActionMask = 2147483647;
			files = (
				D1C5F6D1F6F4D0C54C2E9EED /* Pods_WalletUITests.framework in Frameworks */,
			);
			runOnlyForDeploymentPostprocessing = 0;
		};
/* End PBXFrameworksBuildPhase section */

/* Begin PBXGroup section */
		1DD1D5DE5C5367B5D20AADF8 /* Frameworks */ = {
			isa = PBXGroup;
			children = (
				C6A7F2BF8832FC81681CABA9 /* Pods_Wallet.framework */,
				CB9FE4A849FFEBD5A7263D78 /* Pods_WalletTests.framework */,
				897B1B1EC4CB0B3D00B1ACE2 /* Pods_WalletUITests.framework */,
			);
			name = Frameworks;
			sourceTree = "<group>";
		};
		4D58796F78B89F7A66C475E2 /* Pods */ = {
			isa = PBXGroup;
			children = (
				F133383B56C61F5D8992C346 /* Pods-Wallet.debug.xcconfig */,
				6404D2B5BDA84F7623A2DEF7 /* Pods-Wallet.release.xcconfig */,
				A04E998CE497CF8C683BB414 /* Pods-WalletTests.debug.xcconfig */,
				105F502A7E37864B1F4809C3 /* Pods-WalletTests.release.xcconfig */,
				13C814AF7D040FCB0A6E3E00 /* Pods-WalletUITests.debug.xcconfig */,
				523C5031932FD9A4D3853EF4 /* Pods-WalletUITests.release.xcconfig */,
			);
			path = Pods;
			sourceTree = "<group>";
		};
		99BCA2982348D5F200CFE167 = {
			isa = PBXGroup;
			children = (
				99BCA2A32348D5F200CFE167 /* Wallet */,
				99BCA2B82348D5F400CFE167 /* WalletTests */,
				99BCA2C32348D5F400CFE167 /* WalletUITests */,
				99BCA2A22348D5F200CFE167 /* Products */,
				4D58796F78B89F7A66C475E2 /* Pods */,
				1DD1D5DE5C5367B5D20AADF8 /* Frameworks */,
			);
			sourceTree = "<group>";
		};
		99BCA2A22348D5F200CFE167 /* Products */ = {
			isa = PBXGroup;
			children = (
				99BCA2A12348D5F200CFE167 /* Wallet.app */,
				99BCA2B52348D5F400CFE167 /* WalletTests.xctest */,
				99BCA2C02348D5F400CFE167 /* WalletUITests.xctest */,
			);
			name = Products;
			sourceTree = "<group>";
		};
		99BCA2A32348D5F200CFE167 /* Wallet */ = {
			isa = PBXGroup;
			children = (
				99BCA2D52348DC8100CFE167 /* Extensions */,
				99BCA2D22348D70700CFE167 /* Presentation */,
				99BCA2DA2348DCF700CFE167 /* Domain */,
				99BCA2EF2348F93400CFE167 /* Data */,
				99BCA2A42348D5F200CFE167 /* AppDelegate.swift */,
				99BCA2A82348D5F200CFE167 /* Main.storyboard */,
				99BCA2AB2348D5F400CFE167 /* Assets.xcassets */,
				99BCA2AD2348D5F400CFE167 /* LaunchScreen.storyboard */,
				99BCA2B02348D5F400CFE167 /* Info.plist */,
				99BCA2F22348FA5B00CFE167 /* Stub.bundle */,
			);
			path = Wallet;
			sourceTree = "<group>";
		};
		99BCA2B82348D5F400CFE167 /* WalletTests */ = {
			isa = PBXGroup;
			children = (
				99BCA2B92348D5F400CFE167 /* WalletTests.swift */,
				99BCA2BB2348D5F400CFE167 /* Info.plist */,
			);
			path = WalletTests;
			sourceTree = "<group>";
		};
		99BCA2C32348D5F400CFE167 /* WalletUITests */ = {
			isa = PBXGroup;
			children = (
				99BCA2C42348D5F400CFE167 /* WalletUITests.swift */,
				99BCA2C62348D5F400CFE167 /* Info.plist */,
			);
			path = WalletUITests;
			sourceTree = "<group>";
		};
		99BCA2D22348D70700CFE167 /* Presentation */ = {
			isa = PBXGroup;
			children = (
				99BCA2FF234987A100CFE167 /* View */,
				99BCA300234987E300CFE167 /* ViewModel */,
			);
			path = Presentation;
			sourceTree = "<group>";
		};
		99BCA2D52348DC8100CFE167 /* Extensions */ = {
			isa = PBXGroup;
			children = (
				99BCA30523498EBA00CFE167 /* Bundle+.swift */,
				99BCA2ED2348E7B900CFE167 /* NSObject+.swift */,
				99BCA2EB2348E65D00CFE167 /* UICollectionView+.swift */,
				99BCA2E32348DF5700CFE167 /* UIColor+.swift */,
				9934EEF82354504000B1C090 /* UIScreen+.swift */,
				99BCA2D62348DC8E00CFE167 /* UIView+.swift */,
			);
			path = Extensions;
			sourceTree = "<group>";
		};
		99BCA2DA2348DCF700CFE167 /* Domain */ = {
			isa = PBXGroup;
			children = (
				99BCA2FB2348FCD900CFE167 /* UseCase */,
				99BCA2FC2348FCE300CFE167 /* Model */,
			);
			path = Domain;
			sourceTree = "<group>";
		};
		99BCA2EF2348F93400CFE167 /* Data */ = {
			isa = PBXGroup;
			children = (
				99BCA2FA2348FC6500CFE167 /* Entity */,
				99BCA2F02348F97500CFE167 /* DataStore.swift */,
				99BCA2F42348FAEB00CFE167 /* WalletDataStore.swift */,
			);
			path = Data;
			sourceTree = "<group>";
		};
		99BCA2FA2348FC6500CFE167 /* Entity */ = {
			isa = PBXGroup;
			children = (
				99BCA2F82348FC3A00CFE167 /* PaymentMethodEntity.swift */,
			);
			path = Entity;
			sourceTree = "<group>";
		};
		99BCA2FB2348FCD900CFE167 /* UseCase */ = {
			isa = PBXGroup;
			children = (
				99BCA2F62348FC1F00CFE167 /* WalletUseCase.swift */,
			);
			path = UseCase;
			sourceTree = "<group>";
		};
		99BCA2FC2348FCE300CFE167 /* Model */ = {
			isa = PBXGroup;
			children = (
				99BCA2DD2348DE1200CFE167 /* PaymentMethodProtocol.swift */,
				99BCA2DF2348DE4900CFE167 /* BankAccountModel.swift */,
				99BCA2E12348DF1E00CFE167 /* CreditCardModel.swift */,
			);
			path = Model;
			sourceTree = "<group>";
		};
		99BCA2FF234987A100CFE167 /* View */ = {
			isa = PBXGroup;
			children = (
				99BCA3072349E6E400CFE167 /* Common */,
				99C141A62351F5E000DDD77F /* WalletA */,
				99C141A72351F5EF00DDD77F /* WalletB */,
				99C141A82351F5FE00DDD77F /* WalletC */,
				99BCA2A62348D5F200CFE167 /* ViewController.swift */,
				9926DE5823A11B7A00E1781B /* BounceView.swift */,
			);
			path = View;
			sourceTree = "<group>";
		};
		99BCA300234987E300CFE167 /* ViewModel */ = {
			isa = PBXGroup;
			children = (
				99BCA2E92348E47300CFE167 /* WalletViewModelA.swift */,
				99BCA30A2349F16700CFE167 /* WalletViewModelB.swift */,
				99C1419F23519E5700DDD77F /* WalletViewModelC.swift */,
				9934EEFA235451F900B1C090 /* WalletDetailViewModel.swift */,
			);
			path = ViewModel;
			sourceTree = "<group>";
		};
		99BCA3072349E6E400CFE167 /* Common */ = {
			isa = PBXGroup;
			children = (
				99BCA2D82348DCB200CFE167 /* PaymentMethodView.swift */,
				99BCA2E52348E0ED00CFE167 /* PaymentMethodView.xib */,
			);
			path = Common;
			sourceTree = "<group>";
		};
		99C141A62351F5E000DDD77F /* WalletA */ = {
			isa = PBXGroup;
			children = (
				99BCA30123498AFE00CFE167 /* WalletViewControllerA.swift */,
				99BCA30323498BAB00CFE167 /* WalletViewControllerA.xib */,
				99BCA2E72348E2C900CFE167 /* WalletViewCellA.swift */,
			);
			path = WalletA;
			sourceTree = "<group>";
		};
		99C141A72351F5EF00DDD77F /* WalletB */ = {
			isa = PBXGroup;
			children = (
				99BCA3082349F12E00CFE167 /* WalletViewControllerB.swift */,
				99BCA30C2349F21E00CFE167 /* WalletViewControllerB.xib */,
				99C141A12351BB8A00DDD77F /* WalletViewCellB.swift */,
			);
			path = WalletB;
			sourceTree = "<group>";
		};
		99C141A82351F5FE00DDD77F /* WalletC */ = {
			isa = PBXGroup;
			children = (
				99C1419B23519DEE00DDD77F /* WalletViewControllerC.swift */,
				99C1419D23519E4400DDD77F /* WalletViewControllerC.xib */,
				99C141A32351BBDE00DDD77F /* WalletCellC.swift */,
				99C141A92351F9F900DDD77F /* WalletDetailViewController.swift */,
				99C141AB2351FA1C00DDD77F /* WalletDetailViewController.xib */,
				9934EEFC23545A0F00B1C090 /* WalletDetailAnimator.swift */,
			);
			path = WalletC;
			sourceTree = "<group>";
		};
/* End PBXGroup section */

/* Begin PBXNativeTarget section */
		99BCA2A02348D5F200CFE167 /* Wallet */ = {
			isa = PBXNativeTarget;
			buildConfigurationList = 99BCA2C92348D5F400CFE167 /* Build configuration list for PBXNativeTarget "Wallet" */;
			buildPhases = (
				8A475A62D449E6A5AD9E8E26 /* [CP] Check Pods Manifest.lock */,
				99BCA29D2348D5F200CFE167 /* Sources */,
				99BCA29E2348D5F200CFE167 /* Frameworks */,
				99BCA29F2348D5F200CFE167 /* Resources */,
				5AE5573C281F6ED9CB55BF36 /* [CP] Embed Pods Frameworks */,
			);
			buildRules = (
			);
			dependencies = (
			);
			name = Wallet;
			productName = Wallet;
			productReference = 99BCA2A12348D5F200CFE167 /* Wallet.app */;
			productType = "com.apple.product-type.application";
		};
		99BCA2B42348D5F400CFE167 /* WalletTests */ = {
			isa = PBXNativeTarget;
			buildConfigurationList = 99BCA2CC2348D5F400CFE167 /* Build configuration list for PBXNativeTarget "WalletTests" */;
			buildPhases = (
				6A33904079CA9997C6C32C6A /* [CP] Check Pods Manifest.lock */,
				99BCA2B12348D5F400CFE167 /* Sources */,
				99BCA2B22348D5F400CFE167 /* Frameworks */,
				99BCA2B32348D5F400CFE167 /* Resources */,
			);
			buildRules = (
			);
			dependencies = (
				99BCA2B72348D5F400CFE167 /* PBXTargetDependency */,
			);
			name = WalletTests;
			productName = WalletTests;
			productReference = 99BCA2B52348D5F400CFE167 /* WalletTests.xctest */;
			productType = "com.apple.product-type.bundle.unit-test";
		};
		99BCA2BF2348D5F400CFE167 /* WalletUITests */ = {
			isa = PBXNativeTarget;
			buildConfigurationList = 99BCA2CF2348D5F400CFE167 /* Build configuration list for PBXNativeTarget "WalletUITests" */;
			buildPhases = (
				8B47D05EF00D30C1A7EA2A2C /* [CP] Check Pods Manifest.lock */,
				99BCA2BC2348D5F400CFE167 /* Sources */,
				99BCA2BD2348D5F400CFE167 /* Frameworks */,
				99BCA2BE2348D5F400CFE167 /* Resources */,
			);
			buildRules = (
			);
			dependencies = (
				99BCA2C22348D5F400CFE167 /* PBXTargetDependency */,
			);
			name = WalletUITests;
			productName = WalletUITests;
			productReference = 99BCA2C02348D5F400CFE167 /* WalletUITests.xctest */;
			productType = "com.apple.product-type.bundle.ui-testing";
		};
/* End PBXNativeTarget section */

/* Begin PBXProject section */
		99BCA2992348D5F200CFE167 /* Project object */ = {
			isa = PBXProject;
			attributes = {
				LastSwiftUpdateCheck = 1020;
				LastUpgradeCheck = 1020;
				ORGANIZATIONNAME = "Toshihiro Yamazaki";
				TargetAttributes = {
					99BCA2A02348D5F200CFE167 = {
						CreatedOnToolsVersion = 10.2.1;
					};
					99BCA2B42348D5F400CFE167 = {
						CreatedOnToolsVersion = 10.2.1;
						TestTargetID = 99BCA2A02348D5F200CFE167;
					};
					99BCA2BF2348D5F400CFE167 = {
						CreatedOnToolsVersion = 10.2.1;
						TestTargetID = 99BCA2A02348D5F200CFE167;
					};
				};
			};
			buildConfigurationList = 99BCA29C2348D5F200CFE167 /* Build configuration list for PBXProject "Wallet" */;
			compatibilityVersion = "Xcode 9.3";
			developmentRegion = en;
			hasScannedForEncodings = 0;
			knownRegions = (
				en,
				Base,
			);
			mainGroup = 99BCA2982348D5F200CFE167;
			productRefGroup = 99BCA2A22348D5F200CFE167 /* Products */;
			projectDirPath = "";
			projectRoot = "";
			targets = (
				99BCA2A02348D5F200CFE167 /* Wallet */,
				99BCA2B42348D5F400CFE167 /* WalletTests */,
				99BCA2BF2348D5F400CFE167 /* WalletUITests */,
			);
		};
/* End PBXProject section */

/* Begin PBXResourcesBuildPhase section */
		99BCA29F2348D5F200CFE167 /* Resources */ = {
			isa = PBXResourcesBuildPhase;
			buildActionMask = 2147483647;
			files = (
				99BCA2E62348E0ED00CFE167 /* PaymentMethodView.xib in Resources */,
				99BCA2F32348FA5B00CFE167 /* Stub.bundle in Resources */,
				99BCA2AF2348D5F400CFE167 /* LaunchScreen.storyboard in Resources */,
				99BCA30423498BAB00CFE167 /* WalletViewControllerA.xib in Resources */,
				99BCA30D2349F21E00CFE167 /* WalletViewControllerB.xib in Resources */,
				99BCA2AC2348D5F400CFE167 /* Assets.xcassets in Resources */,
				99C141AC2351FA1C00DDD77F /* WalletDetailViewController.xib in Resources */,
				99BCA2AA2348D5F200CFE167 /* Main.storyboard in Resources */,
				99C1419E23519E4400DDD77F /* WalletViewControllerC.xib in Resources */,
			);
			runOnlyForDeploymentPostprocessing = 0;
		};
		99BCA2B32348D5F400CFE167 /* Resources */ = {
			isa = PBXResourcesBuildPhase;
			buildActionMask = 2147483647;
			files = (
			);
			runOnlyForDeploymentPostprocessing = 0;
		};
		99BCA2BE2348D5F400CFE167 /* Resources */ = {
			isa = PBXResourcesBuildPhase;
			buildActionMask = 2147483647;
			files = (
			);
			runOnlyForDeploymentPostprocessing = 0;
		};
/* End PBXResourcesBuildPhase section */

/* Begin PBXShellScriptBuildPhase section */
		5AE5573C281F6ED9CB55BF36 /* [CP] Embed Pods Frameworks */ = {
			isa = PBXShellScriptBuildPhase;
			buildActionMask = 2147483647;
			files = (
			);
			inputFileListPaths = (
				"${PODS_ROOT}/Target Support Files/Pods-Wallet/Pods-Wallet-frameworks-${CONFIGURATION}-input-files.xcfilelist",
			);
			name = "[CP] Embed Pods Frameworks";
			outputFileListPaths = (
				"${PODS_ROOT}/Target Support Files/Pods-Wallet/Pods-Wallet-frameworks-${CONFIGURATION}-output-files.xcfilelist",
			);
			runOnlyForDeploymentPostprocessing = 0;
			shellPath = /bin/sh;
			shellScript = "\"${PODS_ROOT}/Target Support Files/Pods-Wallet/Pods-Wallet-frameworks.sh\"\n";
			showEnvVarsInLog = 0;
		};
		6A33904079CA9997C6C32C6A /* [CP] Check Pods Manifest.lock */ = {
			isa = PBXShellScriptBuildPhase;
			buildActionMask = 2147483647;
			files = (
			);
			inputFileListPaths = (
			);
			inputPaths = (
				"${PODS_PODFILE_DIR_PATH}/Podfile.lock",
				"${PODS_ROOT}/Manifest.lock",
			);
			name = "[CP] Check Pods Manifest.lock";
			outputFileListPaths = (
			);
			outputPaths = (
				"$(DERIVED_FILE_DIR)/Pods-WalletTests-checkManifestLockResult.txt",
			);
			runOnlyForDeploymentPostprocessing = 0;
			shellPath = /bin/sh;
			shellScript = "diff \"${PODS_PODFILE_DIR_PATH}/Podfile.lock\" \"${PODS_ROOT}/Manifest.lock\" > /dev/null\nif [ $? != 0 ] ; then\n    # print error to STDERR\n    echo \"error: The sandbox is not in sync with the Podfile.lock. Run 'pod install' or update your CocoaPods installation.\" >&2\n    exit 1\nfi\n# This output is used by Xcode 'outputs' to avoid re-running this script phase.\necho \"SUCCESS\" > \"${SCRIPT_OUTPUT_FILE_0}\"\n";
			showEnvVarsInLog = 0;
		};
		8A475A62D449E6A5AD9E8E26 /* [CP] Check Pods Manifest.lock */ = {
			isa = PBXShellScriptBuildPhase;
			buildActionMask = 2147483647;
			files = (
			);
			inputFileListPaths = (
			);
			inputPaths = (
				"${PODS_PODFILE_DIR_PATH}/Podfile.lock",
				"${PODS_ROOT}/Manifest.lock",
			);
			name = "[CP] Check Pods Manifest.lock";
			outputFileListPaths = (
			);
			outputPaths = (
				"$(DERIVED_FILE_DIR)/Pods-Wallet-checkManifestLockResult.txt",
			);
			runOnlyForDeploymentPostprocessing = 0;
			shellPath = /bin/sh;
			shellScript = "diff \"${PODS_PODFILE_DIR_PATH}/Podfile.lock\" \"${PODS_ROOT}/Manifest.lock\" > /dev/null\nif [ $? != 0 ] ; then\n    # print error to STDERR\n    echo \"error: The sandbox is not in sync with the Podfile.lock. Run 'pod install' or update your CocoaPods installation.\" >&2\n    exit 1\nfi\n# This output is used by Xcode 'outputs' to avoid re-running this script phase.\necho \"SUCCESS\" > \"${SCRIPT_OUTPUT_FILE_0}\"\n";
			showEnvVarsInLog = 0;
		};
		8B47D05EF00D30C1A7EA2A2C /* [CP] Check Pods Manifest.lock */ = {
			isa = PBXShellScriptBuildPhase;
			buildActionMask = 2147483647;
			files = (
			);
			inputFileListPaths = (
			);
			inputPaths = (
				"${PODS_PODFILE_DIR_PATH}/Podfile.lock",
				"${PODS_ROOT}/Manifest.lock",
			);
			name = "[CP] Check Pods Manifest.lock";
			outputFileListPaths = (
			);
			outputPaths = (
				"$(DERIVED_FILE_DIR)/Pods-WalletUITests-checkManifestLockResult.txt",
			);
			runOnlyForDeploymentPostprocessing = 0;
			shellPath = /bin/sh;
			shellScript = "diff \"${PODS_PODFILE_DIR_PATH}/Podfile.lock\" \"${PODS_ROOT}/Manifest.lock\" > /dev/null\nif [ $? != 0 ] ; then\n    # print error to STDERR\n    echo \"error: The sandbox is not in sync with the Podfile.lock. Run 'pod install' or update your CocoaPods installation.\" >&2\n    exit 1\nfi\n# This output is used by Xcode 'outputs' to avoid re-running this script phase.\necho \"SUCCESS\" > \"${SCRIPT_OUTPUT_FILE_0}\"\n";
			showEnvVarsInLog = 0;
		};
/* End PBXShellScriptBuildPhase section */

/* Begin PBXSourcesBuildPhase section */
		99BCA29D2348D5F200CFE167 /* Sources */ = {
			isa = PBXSourcesBuildPhase;
			buildActionMask = 2147483647;
			files = (
				9934EEFD23545A0F00B1C090 /* WalletDetailAnimator.swift in Sources */,
				99BCA2F92348FC3A00CFE167 /* PaymentMethodEntity.swift in Sources */,
				9934EEF92354504000B1C090 /* UIScreen+.swift in Sources */,
				99BCA2D72348DC8E00CFE167 /* UIView+.swift in Sources */,
				99BCA2EE2348E7B900CFE167 /* NSObject+.swift in Sources */,
				99C141A22351BB8A00DDD77F /* WalletViewCellB.swift in Sources */,
				99BCA2E02348DE4900CFE167 /* BankAccountModel.swift in Sources */,
				99BCA2EC2348E65D00CFE167 /* UICollectionView+.swift in Sources */,
				9934EEFB235451FA00B1C090 /* WalletDetailViewModel.swift in Sources */,
				99C1419C23519DEE00DDD77F /* WalletViewControllerC.swift in Sources */,
				99BCA2F52348FAEB00CFE167 /* WalletDataStore.swift in Sources */,
				99BCA2D92348DCB200CFE167 /* PaymentMethodView.swift in Sources */,
				99C141AA2351F9F900DDD77F /* WalletDetailViewController.swift in Sources */,
				99BCA2EA2348E47300CFE167 /* WalletViewModelA.swift in Sources */,
				99BCA3092349F12E00CFE167 /* WalletViewControllerB.swift in Sources */,
				99BCA2F12348F97500CFE167 /* DataStore.swift in Sources */,
				99C141A023519E5700DDD77F /* WalletViewModelC.swift in Sources */,
				99BCA2DE2348DE1200CFE167 /* PaymentMethodProtocol.swift in Sources */,
				99BCA2F72348FC1F00CFE167 /* WalletUseCase.swift in Sources */,
				99BCA30B2349F16700CFE167 /* WalletViewModelB.swift in Sources */,
				99BCA30223498AFE00CFE167 /* WalletViewControllerA.swift in Sources */,
				9926DE5923A11B7A00E1781B /* BounceView.swift in Sources */,
				99BCA2A72348D5F200CFE167 /* ViewController.swift in Sources */,
				99BCA2E82348E2C900CFE167 /* WalletViewCellA.swift in Sources */,
				99BCA2E22348DF1E00CFE167 /* CreditCardModel.swift in Sources */,
				99BCA30623498EBA00CFE167 /* Bundle+.swift in Sources */,
				99BCA2A52348D5F200CFE167 /* AppDelegate.swift in Sources */,
				99BCA2E42348DF5700CFE167 /* UIColor+.swift in Sources */,
				99C141A42351BBDE00DDD77F /* WalletCellC.swift in Sources */,
			);
			runOnlyForDeploymentPostprocessing = 0;
		};
		99BCA2B12348D5F400CFE167 /* Sources */ = {
			isa = PBXSourcesBuildPhase;
			buildActionMask = 2147483647;
			files = (
				99BCA2BA2348D5F400CFE167 /* WalletTests.swift in Sources */,
			);
			runOnlyForDeploymentPostprocessing = 0;
		};
		99BCA2BC2348D5F400CFE167 /* Sources */ = {
			isa = PBXSourcesBuildPhase;
			buildActionMask = 2147483647;
			files = (
				99BCA2C52348D5F400CFE167 /* WalletUITests.swift in Sources */,
			);
			runOnlyForDeploymentPostprocessing = 0;
		};
/* End PBXSourcesBuildPhase section */

/* Begin PBXTargetDependency section */
		99BCA2B72348D5F400CFE167 /* PBXTargetDependency */ = {
			isa = PBXTargetDependency;
			target = 99BCA2A02348D5F200CFE167 /* Wallet */;
			targetProxy = 99BCA2B62348D5F400CFE167 /* PBXContainerItemProxy */;
		};
		99BCA2C22348D5F400CFE167 /* PBXTargetDependency */ = {
			isa = PBXTargetDependency;
			target = 99BCA2A02348D5F200CFE167 /* Wallet */;
			targetProxy = 99BCA2C12348D5F400CFE167 /* PBXContainerItemProxy */;
		};
/* End PBXTargetDependency section */

/* Begin PBXVariantGroup section */
		99BCA2A82348D5F200CFE167 /* Main.storyboard */ = {
			isa = PBXVariantGroup;
			children = (
				99BCA2A92348D5F200CFE167 /* Base */,
			);
			name = Main.storyboard;
			sourceTree = "<group>";
		};
		99BCA2AD2348D5F400CFE167 /* LaunchScreen.storyboard */ = {
			isa = PBXVariantGroup;
			children = (
				99BCA2AE2348D5F400CFE167 /* Base */,
			);
			name = LaunchScreen.storyboard;
			sourceTree = "<group>";
		};
/* End PBXVariantGroup section */

/* Begin XCBuildConfiguration section */
		99BCA2C72348D5F400CFE167 /* Debug */ = {
			isa = XCBuildConfiguration;
			buildSettings = {
				ALWAYS_SEARCH_USER_PATHS = NO;
				CLANG_ANALYZER_NONNULL = YES;
				CLANG_ANALYZER_NUMBER_OBJECT_CONVERSION = YES_AGGRESSIVE;
				CLANG_CXX_LANGUAGE_STANDARD = "gnu++14";
				CLANG_CXX_LIBRARY = "libc++";
				CLANG_ENABLE_MODULES = YES;
				CLANG_ENABLE_OBJC_ARC = YES;
				CLANG_ENABLE_OBJC_WEAK = YES;
				CLANG_WARN_BLOCK_CAPTURE_AUTORELEASING = YES;
				CLANG_WARN_BOOL_CONVERSION = YES;
				CLANG_WARN_COMMA = YES;
				CLANG_WARN_CONSTANT_CONVERSION = YES;
				CLANG_WARN_DEPRECATED_OBJC_IMPLEMENTATIONS = YES;
				CLANG_WARN_DIRECT_OBJC_ISA_USAGE = YES_ERROR;
				CLANG_WARN_DOCUMENTATION_COMMENTS = YES;
				CLANG_WARN_EMPTY_BODY = YES;
				CLANG_WARN_ENUM_CONVERSION = YES;
				CLANG_WARN_INFINITE_RECURSION = YES;
				CLANG_WARN_INT_CONVERSION = YES;
				CLANG_WARN_NON_LITERAL_NULL_CONVERSION = YES;
				CLANG_WARN_OBJC_IMPLICIT_RETAIN_SELF = YES;
				CLANG_WARN_OBJC_LITERAL_CONVERSION = YES;
				CLANG_WARN_OBJC_ROOT_CLASS = YES_ERROR;
				CLANG_WARN_RANGE_LOOP_ANALYSIS = YES;
				CLANG_WARN_STRICT_PROTOTYPES = YES;
				CLANG_WARN_SUSPICIOUS_MOVE = YES;
				CLANG_WARN_UNGUARDED_AVAILABILITY = YES_AGGRESSIVE;
				CLANG_WARN_UNREACHABLE_CODE = YES;
				CLANG_WARN__DUPLICATE_METHOD_MATCH = YES;
				CODE_SIGN_IDENTITY = "iPhone Developer";
				COPY_PHASE_STRIP = NO;
				DEBUG_INFORMATION_FORMAT = dwarf;
				ENABLE_STRICT_OBJC_MSGSEND = YES;
				ENABLE_TESTABILITY = YES;
				GCC_C_LANGUAGE_STANDARD = gnu11;
				GCC_DYNAMIC_NO_PIC = NO;
				GCC_NO_COMMON_BLOCKS = YES;
				GCC_OPTIMIZATION_LEVEL = 0;
				GCC_PREPROCESSOR_DEFINITIONS = (
					"DEBUG=1",
					"$(inherited)",
				);
				GCC_WARN_64_TO_32_BIT_CONVERSION = YES;
				GCC_WARN_ABOUT_RETURN_TYPE = YES_ERROR;
				GCC_WARN_UNDECLARED_SELECTOR = YES;
				GCC_WARN_UNINITIALIZED_AUTOS = YES_AGGRESSIVE;
				GCC_WARN_UNUSED_FUNCTION = YES;
				GCC_WARN_UNUSED_VARIABLE = YES;
				IPHONEOS_DEPLOYMENT_TARGET = 11.0;
				MTL_ENABLE_DEBUG_INFO = INCLUDE_SOURCE;
				MTL_FAST_MATH = YES;
				ONLY_ACTIVE_ARCH = YES;
				SDKROOT = iphoneos;
				SWIFT_ACTIVE_COMPILATION_CONDITIONS = DEBUG;
				SWIFT_OPTIMIZATION_LEVEL = "-Onone";
			};
			name = Debug;
		};
		99BCA2C82348D5F400CFE167 /* Release */ = {
			isa = XCBuildConfiguration;
			buildSettings = {
				ALWAYS_SEARCH_USER_PATHS = NO;
				CLANG_ANALYZER_NONNULL = YES;
				CLANG_ANALYZER_NUMBER_OBJECT_CONVERSION = YES_AGGRESSIVE;
				CLANG_CXX_LANGUAGE_STANDARD = "gnu++14";
				CLANG_CXX_LIBRARY = "libc++";
				CLANG_ENABLE_MODULES = YES;
				CLANG_ENABLE_OBJC_ARC = YES;
				CLANG_ENABLE_OBJC_WEAK = YES;
				CLANG_WARN_BLOCK_CAPTURE_AUTORELEASING = YES;
				CLANG_WARN_BOOL_CONVERSION = YES;
				CLANG_WARN_COMMA = YES;
				CLANG_WARN_CONSTANT_CONVERSION = YES;
				CLANG_WARN_DEPRECATED_OBJC_IMPLEMENTATIONS = YES;
				CLANG_WARN_DIRECT_OBJC_ISA_USAGE = YES_ERROR;
				CLANG_WARN_DOCUMENTATION_COMMENTS = YES;
				CLANG_WARN_EMPTY_BODY = YES;
				CLANG_WARN_ENUM_CONVERSION = YES;
				CLANG_WARN_INFINITE_RECURSION = YES;
				CLANG_WARN_INT_CONVERSION = YES;
				CLANG_WARN_NON_LITERAL_NULL_CONVERSION = YES;
				CLANG_WARN_OBJC_IMPLICIT_RETAIN_SELF = YES;
				CLANG_WARN_OBJC_LITERAL_CONVERSION = YES;
				CLANG_WARN_OBJC_ROOT_CLASS = YES_ERROR;
				CLANG_WARN_RANGE_LOOP_ANALYSIS = YES;
				CLANG_WARN_STRICT_PROTOTYPES = YES;
				CLANG_WARN_SUSPICIOUS_MOVE = YES;
				CLANG_WARN_UNGUARDED_AVAILABILITY = YES_AGGRESSIVE;
				CLANG_WARN_UNREACHABLE_CODE = YES;
				CLANG_WARN__DUPLICATE_METHOD_MATCH = YES;
				CODE_SIGN_IDENTITY = "iPhone Developer";
				COPY_PHASE_STRIP = NO;
				DEBUG_INFORMATION_FORMAT = "dwarf-with-dsym";
				ENABLE_NS_ASSERTIONS = NO;
				ENABLE_STRICT_OBJC_MSGSEND = YES;
				GCC_C_LANGUAGE_STANDARD = gnu11;
				GCC_NO_COMMON_BLOCKS = YES;
				GCC_WARN_64_TO_32_BIT_CONVERSION = YES;
				GCC_WARN_ABOUT_RETURN_TYPE = YES_ERROR;
				GCC_WARN_UNDECLARED_SELECTOR = YES;
				GCC_WARN_UNINITIALIZED_AUTOS = YES_AGGRESSIVE;
				GCC_WARN_UNUSED_FUNCTION = YES;
				GCC_WARN_UNUSED_VARIABLE = YES;
				IPHONEOS_DEPLOYMENT_TARGET = 11.0;
				MTL_ENABLE_DEBUG_INFO = NO;
				MTL_FAST_MATH = YES;
				SDKROOT = iphoneos;
				SWIFT_COMPILATION_MODE = wholemodule;
				SWIFT_OPTIMIZATION_LEVEL = "-O";
				VALIDATE_PRODUCT = YES;
			};
			name = Release;
		};
		99BCA2CA2348D5F400CFE167 /* Debug */ = {
			isa = XCBuildConfiguration;
			baseConfigurationReference = F133383B56C61F5D8992C346 /* Pods-Wallet.debug.xcconfig */;
			buildSettings = {
				ASSETCATALOG_COMPILER_APPICON_NAME = AppIcon;
				CODE_SIGN_STYLE = Automatic;
				DEVELOPMENT_TEAM = 333AB33F4Z;
				INFOPLIST_FILE = Wallet/Info.plist;
				LD_RUNPATH_SEARCH_PATHS = (
					"$(inherited)",
					"@executable_path/Frameworks",
				);
				PRODUCT_BUNDLE_IDENTIFIER = toshihiro.yamazaki.com.Wallet;
				PRODUCT_NAME = "$(TARGET_NAME)";
				SWIFT_VERSION = 5.0;
				TARGETED_DEVICE_FAMILY = "1,2";
			};
			name = Debug;
		};
		99BCA2CB2348D5F400CFE167 /* Release */ = {
			isa = XCBuildConfiguration;
			baseConfigurationReference = 6404D2B5BDA84F7623A2DEF7 /* Pods-Wallet.release.xcconfig */;
			buildSettings = {
				ASSETCATALOG_COMPILER_APPICON_NAME = AppIcon;
				CODE_SIGN_STYLE = Automatic;
				DEVELOPMENT_TEAM = 333AB33F4Z;
				INFOPLIST_FILE = Wallet/Info.plist;
				LD_RUNPATH_SEARCH_PATHS = (
					"$(inherited)",
					"@executable_path/Frameworks",
				);
				PRODUCT_BUNDLE_IDENTIFIER = toshihiro.yamazaki.com.Wallet;
				PRODUCT_NAME = "$(TARGET_NAME)";
				SWIFT_VERSION = 5.0;
				TARGETED_DEVICE_FAMILY = "1,2";
			};
			name = Release;
		};
		99BCA2CD2348D5F400CFE167 /* Debug */ = {
			isa = XCBuildConfiguration;
			baseConfigurationReference = A04E998CE497CF8C683BB414 /* Pods-WalletTests.debug.xcconfig */;
			buildSettings = {
				ALWAYS_EMBED_SWIFT_STANDARD_LIBRARIES = YES;
				BUNDLE_LOADER = "$(TEST_HOST)";
				CODE_SIGN_STYLE = Automatic;
				DEVELOPMENT_TEAM = 333AB33F4Z;
				INFOPLIST_FILE = WalletTests/Info.plist;
				LD_RUNPATH_SEARCH_PATHS = (
					"$(inherited)",
					"@executable_path/Frameworks",
					"@loader_path/Frameworks",
				);
				PRODUCT_BUNDLE_IDENTIFIER = toshihiro.yamazaki.com.WalletTests;
				PRODUCT_NAME = "$(TARGET_NAME)";
				SWIFT_VERSION = 5.0;
				TARGETED_DEVICE_FAMILY = "1,2";
				TEST_HOST = "$(BUILT_PRODUCTS_DIR)/Wallet.app/Wallet";
			};
			name = Debug;
		};
		99BCA2CE2348D5F400CFE167 /* Release */ = {
			isa = XCBuildConfiguration;
			baseConfigurationReference = 105F502A7E37864B1F4809C3 /* Pods-WalletTests.release.xcconfig */;
			buildSettings = {
				ALWAYS_EMBED_SWIFT_STANDARD_LIBRARIES = YES;
				BUNDLE_LOADER = "$(TEST_HOST)";
				CODE_SIGN_STYLE = Automatic;
				DEVELOPMENT_TEAM = 333AB33F4Z;
				INFOPLIST_FILE = WalletTests/Info.plist;
				LD_RUNPATH_SEARCH_PATHS = (
					"$(inherited)",
					"@executable_path/Frameworks",
					"@loader_path/Frameworks",
				);
				PRODUCT_BUNDLE_IDENTIFIER = toshihiro.yamazaki.com.WalletTests;
				PRODUCT_NAME = "$(TARGET_NAME)";
				SWIFT_VERSION = 5.0;
				TARGETED_DEVICE_FAMILY = "1,2";
				TEST_HOST = "$(BUILT_PRODUCTS_DIR)/Wallet.app/Wallet";
			};
			name = Release;
		};
		99BCA2D02348D5F400CFE167 /* Debug */ = {
			isa = XCBuildConfiguration;
			baseConfigurationReference = 13C814AF7D040FCB0A6E3E00 /* Pods-WalletUITests.debug.xcconfig */;
			buildSettings = {
				ALWAYS_EMBED_SWIFT_STANDARD_LIBRARIES = YES;
				CODE_SIGN_STYLE = Automatic;
				DEVELOPMENT_TEAM = 333AB33F4Z;
				INFOPLIST_FILE = WalletUITests/Info.plist;
				LD_RUNPATH_SEARCH_PATHS = (
					"$(inherited)",
					"@executable_path/Frameworks",
					"@loader_path/Frameworks",
				);
				PRODUCT_BUNDLE_IDENTIFIER = toshihiro.yamazaki.com.WalletUITests;
				PRODUCT_NAME = "$(TARGET_NAME)";
				SWIFT_VERSION = 5.0;
				TARGETED_DEVICE_FAMILY = "1,2";
				TEST_TARGET_NAME = Wallet;
			};
			name = Debug;
		};
		99BCA2D12348D5F400CFE167 /* Release */ = {
			isa = XCBuildConfiguration;
			baseConfigurationReference = 523C5031932FD9A4D3853EF4 /* Pods-WalletUITests.release.xcconfig */;
			buildSettings = {
				ALWAYS_EMBED_SWIFT_STANDARD_LIBRARIES = YES;
				CODE_SIGN_STYLE = Automatic;
				DEVELOPMENT_TEAM = 333AB33F4Z;
				INFOPLIST_FILE = WalletUITests/Info.plist;
				LD_RUNPATH_SEARCH_PATHS = (
					"$(inherited)",
					"@executable_path/Frameworks",
					"@loader_path/Frameworks",
				);
				PRODUCT_BUNDLE_IDENTIFIER = toshihiro.yamazaki.com.WalletUITests;
				PRODUCT_NAME = "$(TARGET_NAME)";
				SWIFT_VERSION = 5.0;
				TARGETED_DEVICE_FAMILY = "1,2";
				TEST_TARGET_NAME = Wallet;
			};
			name = Release;
		};
/* End XCBuildConfiguration section */

/* Begin XCConfigurationList section */
		99BCA29C2348D5F200CFE167 /* Build configuration list for PBXProject "Wallet" */ = {
			isa = XCConfigurationList;
			buildConfigurations = (
				99BCA2C72348D5F400CFE167 /* Debug */,
				99BCA2C82348D5F400CFE167 /* Release */,
			);
			defaultConfigurationIsVisible = 0;
			defaultConfigurationName = Release;
		};
		99BCA2C92348D5F400CFE167 /* Build configuration list for PBXNativeTarget "Wallet" */ = {
			isa = XCConfigurationList;
			buildConfigurations = (
				99BCA2CA2348D5F400CFE167 /* Debug */,
				99BCA2CB2348D5F400CFE167 /* Release */,
			);
			defaultConfigurationIsVisible = 0;
			defaultConfigurationName = Release;
		};
		99BCA2CC2348D5F400CFE167 /* Build configuration list for PBXNativeTarget "WalletTests" */ = {
			isa = XCConfigurationList;
			buildConfigurations = (
				99BCA2CD2348D5F400CFE167 /* Debug */,
				99BCA2CE2348D5F400CFE167 /* Release */,
			);
			defaultConfigurationIsVisible = 0;
			defaultConfigurationName = Release;
		};
		99BCA2CF2348D5F400CFE167 /* Build configuration list for PBXNativeTarget "WalletUITests" */ = {
			isa = XCConfigurationList;
			buildConfigurations = (
				99BCA2D02348D5F400CFE167 /* Debug */,
				99BCA2D12348D5F400CFE167 /* Release */,
			);
			defaultConfigurationIsVisible = 0;
			defaultConfigurationName = Release;
		};
/* End XCConfigurationList section */
	};
	rootObject = 99BCA2992348D5F200CFE167 /* Project object */;
}
